// !$*UTF8*$!
{
	archiveVersion = 1;
	classes = {
	};
	objectVersion = 46;
	objects = {

/* Begin PBXBuildFile section */
		20F2943FC4D47BD365F110CA /* Pods_Utopia.framework in Frameworks */ = {isa = PBXBuildFile; fileRef = C0CA0B15D5BEB57F10DE0BA9 /* Pods_Utopia.framework */; };
		525A465D1FA0D65C002C3BEA /* Camera.swift in Sources */ = {isa = PBXBuildFile; fileRef = 525A465C1FA0D65C002C3BEA /* Camera.swift */; };
		525F4A8D1F94F1BB00FC5314 /* UIDatePickerX.swift in Sources */ = {isa = PBXBuildFile; fileRef = 525F4A8C1F94F1BB00FC5314 /* UIDatePickerX.swift */; };
		525F4A921F94F5BA00FC5314 /* CategoryCollectionViewCell.swift in Sources */ = {isa = PBXBuildFile; fileRef = 525F4A901F94F5BA00FC5314 /* CategoryCollectionViewCell.swift */; };
		525F4A931F94F5BA00FC5314 /* CategoryCollectionViewCell.xib in Resources */ = {isa = PBXBuildFile; fileRef = 525F4A911F94F5BA00FC5314 /* CategoryCollectionViewCell.xib */; };
		525F4A951F94F79F00FC5314 /* CustomFlow.swift in Sources */ = {isa = PBXBuildFile; fileRef = 525F4A941F94F79F00FC5314 /* CustomFlow.swift */; };
		525F4A971F94F9DF00FC5314 /* ViewControllerExtension.swift in Sources */ = {isa = PBXBuildFile; fileRef = 525F4A961F94F9DF00FC5314 /* ViewControllerExtension.swift */; };
		525F4A9A1F95017400FC5314 /* ImageViewEx.swift in Sources */ = {isa = PBXBuildFile; fileRef = 525F4A991F95017400FC5314 /* ImageViewEx.swift */; };
		526F7ACB1F8E551B005F3639 /* FeedTableViewCell.swift in Sources */ = {isa = PBXBuildFile; fileRef = 526F7AC91F8E551B005F3639 /* FeedTableViewCell.swift */; };
		526F7ACC1F8E551B005F3639 /* FeedTableViewCell.xib in Resources */ = {isa = PBXBuildFile; fileRef = 526F7ACA1F8E551B005F3639 /* FeedTableViewCell.xib */; };
		526F7AD01F8E5A30005F3639 /* FeedImageTableViewCell.swift in Sources */ = {isa = PBXBuildFile; fileRef = 526F7ACE1F8E5A30005F3639 /* FeedImageTableViewCell.swift */; };
		526F7AD11F8E5A30005F3639 /* FeedImageTableViewCell.xib in Resources */ = {isa = PBXBuildFile; fileRef = 526F7ACF1F8E5A30005F3639 /* FeedImageTableViewCell.xib */; };
		526F7AD41F8E5F39005F3639 /* InterestCollectionViewCell.swift in Sources */ = {isa = PBXBuildFile; fileRef = 526F7AD21F8E5F39005F3639 /* InterestCollectionViewCell.swift */; };
		526F7AD51F8E5F39005F3639 /* InterestCollectionViewCell.xib in Resources */ = {isa = PBXBuildFile; fileRef = 526F7AD31F8E5F39005F3639 /* InterestCollectionViewCell.xib */; };
		52A5BA861F97855C002ACDAA /* GoogleService-Info.plist in Resources */ = {isa = PBXBuildFile; fileRef = 52A5BA851F97855C002ACDAA /* GoogleService-Info.plist */; };
		52A5BA891F978714002ACDAA /* Checkers.swift in Sources */ = {isa = PBXBuildFile; fileRef = 52A5BA871F978714002ACDAA /* Checkers.swift */; };
		52A5BA8A1F978714002ACDAA /* AuthProvider.swift in Sources */ = {isa = PBXBuildFile; fileRef = 52A5BA881F978714002ACDAA /* AuthProvider.swift */; };
		52A5BA8C1F978753002ACDAA /* Protocols.swift in Sources */ = {isa = PBXBuildFile; fileRef = 52A5BA8B1F978753002ACDAA /* Protocols.swift */; };
		52A5BA941F978E09002ACDAA /* SignupVC.swift in Sources */ = {isa = PBXBuildFile; fileRef = 52A5BA931F978E09002ACDAA /* SignupVC.swift */; };
		52A5BAB71F9798F9002ACDAA /* SignupImage.swift in Sources */ = {isa = PBXBuildFile; fileRef = 52A5BAB61F9798F9002ACDAA /* SignupImage.swift */; };
		52A75BDC1F8E4B670014F50C /* AppDelegate.swift in Sources */ = {isa = PBXBuildFile; fileRef = 52A75BDB1F8E4B670014F50C /* AppDelegate.swift */; };
		52A75BDE1F8E4B670014F50C /* MainVC.swift in Sources */ = {isa = PBXBuildFile; fileRef = 52A75BDD1F8E4B670014F50C /* MainVC.swift */; };
		52A75BE11F8E4B670014F50C /* Main.storyboard in Resources */ = {isa = PBXBuildFile; fileRef = 52A75BDF1F8E4B670014F50C /* Main.storyboard */; };
		52A75BE41F8E4B670014F50C /* Utopia.xcdatamodeld in Sources */ = {isa = PBXBuildFile; fileRef = 52A75BE21F8E4B670014F50C /* Utopia.xcdatamodeld */; };
		52A75BE61F8E4B670014F50C /* Assets.xcassets in Resources */ = {isa = PBXBuildFile; fileRef = 52A75BE51F8E4B670014F50C /* Assets.xcassets */; };
		52A75BE91F8E4B670014F50C /* LaunchScreen.storyboard in Resources */ = {isa = PBXBuildFile; fileRef = 52A75BE71F8E4B670014F50C /* LaunchScreen.storyboard */; };
		52A75BF61F8E4BA20014F50C /* UIViewX.swift in Sources */ = {isa = PBXBuildFile; fileRef = 52A75BF01F8E4BA20014F50C /* UIViewX.swift */; };
		52A75BF71F8E4BA20014F50C /* UIImageViewX.swift in Sources */ = {isa = PBXBuildFile; fileRef = 52A75BF11F8E4BA20014F50C /* UIImageViewX.swift */; };
		52A75BF81F8E4BA20014F50C /* UITextFieldX.swift in Sources */ = {isa = PBXBuildFile; fileRef = 52A75BF21F8E4BA20014F50C /* UITextFieldX.swift */; };
		52A75BF91F8E4BA20014F50C /* UIButtonX.swift in Sources */ = {isa = PBXBuildFile; fileRef = 52A75BF31F8E4BA20014F50C /* UIButtonX.swift */; };
		52A75BFA1F8E4BA20014F50C /* UITextViewX.swift in Sources */ = {isa = PBXBuildFile; fileRef = 52A75BF41F8E4BA20014F50C /* UITextViewX.swift */; };
		52A75BFB1F8E4BA20014F50C /* UILabelX.swift in Sources */ = {isa = PBXBuildFile; fileRef = 52A75BF51F8E4BA20014F50C /* UILabelX.swift */; };
		52A786DF1F99058600BE8F75 /* SignupBirthday.xib in Resources */ = {isa = PBXBuildFile; fileRef = 52A786DE1F99058600BE8F75 /* SignupBirthday.xib */; };
		52A786E11F99059F00BE8F75 /* SignupBirthday.swift in Sources */ = {isa = PBXBuildFile; fileRef = 52A786E01F99059F00BE8F75 /* SignupBirthday.swift */; };
		52A786E31F990F5400BE8F75 /* SignupCredentials.swift in Sources */ = {isa = PBXBuildFile; fileRef = 52A786E21F990F5400BE8F75 /* SignupCredentials.swift */; };
		52C0AC2A1F8F9A440066B53B /* ProfileVC.swift in Sources */ = {isa = PBXBuildFile; fileRef = 52C0AC291F8F9A440066B53B /* ProfileVC.swift */; };
		52C0AC2C1F8F9B1E0066B53B /* FeedTableView.swift in Sources */ = {isa = PBXBuildFile; fileRef = 52C0AC2B1F8F9B1E0066B53B /* FeedTableView.swift */; };
		52C0AC2F1F8F9CFD0066B53B /* followingCollectionViewCell.swift in Sources */ = {isa = PBXBuildFile; fileRef = 52C0AC2D1F8F9CFD0066B53B /* followingCollectionViewCell.swift */; };
		52C0AC301F8F9CFD0066B53B /* followingCollectionViewCell.xib in Resources */ = {isa = PBXBuildFile; fileRef = 52C0AC2E1F8F9CFD0066B53B /* followingCollectionViewCell.xib */; };
		52C5853D1F93280C003953C6 /* LoginVC.swift in Sources */ = {isa = PBXBuildFile; fileRef = 52C5853C1F93280C003953C6 /* LoginVC.swift */; };
		52C5853F1F9328AB003953C6 /* Constants.swift in Sources */ = {isa = PBXBuildFile; fileRef = 52C5853E1F9328AB003953C6 /* Constants.swift */; };
		52C585431F932A68003953C6 /* CustomTextField.swift in Sources */ = {isa = PBXBuildFile; fileRef = 52C585421F932A68003953C6 /* CustomTextField.swift */; };
		52C585471F932F53003953C6 /* ChatTableViewCell.swift in Sources */ = {isa = PBXBuildFile; fileRef = 52C585451F932F53003953C6 /* ChatTableViewCell.swift */; };
		52C585481F932F53003953C6 /* ChatTableViewCell.xib in Resources */ = {isa = PBXBuildFile; fileRef = 52C585461F932F53003953C6 /* ChatTableViewCell.xib */; };
		52C5854A1F9331DD003953C6 /* ChatVC.swift in Sources */ = {isa = PBXBuildFile; fileRef = 52C585491F9331DD003953C6 /* ChatVC.swift */; };
		52C5854C1F9337B2003953C6 /* TabController.swift in Sources */ = {isa = PBXBuildFile; fileRef = 52C5854B1F9337B2003953C6 /* TabController.swift */; };
		52E371431F90F944001C3BA9 /* InfoView.swift in Sources */ = {isa = PBXBuildFile; fileRef = 52E371421F90F944001C3BA9 /* InfoView.swift */; };
		52E371451F90F955001C3BA9 /* InfoView.xib in Resources */ = {isa = PBXBuildFile; fileRef = 52E371441F90F955001C3BA9 /* InfoView.xib */; };
		52E3714B1F910474001C3BA9 /* ProfileFeed.swift in Sources */ = {isa = PBXBuildFile; fileRef = 52E3714A1F910474001C3BA9 /* ProfileFeed.swift */; };
		52E3714D1F910621001C3BA9 /* ProfileFeed.xib in Resources */ = {isa = PBXBuildFile; fileRef = 52E3714C1F910621001C3BA9 /* ProfileFeed.xib */; };
		52E3714F1F9124BF001C3BA9 /* Login.storyboard in Resources */ = {isa = PBXBuildFile; fileRef = 52E3714E1F9124BF001C3BA9 /* Login.storyboard */; };
		52E4E3951F964305007C9BC7 /* PostVC.swift in Sources */ = {isa = PBXBuildFile; fileRef = 52E4E3941F964305007C9BC7 /* PostVC.swift */; };
		52E4E3971F9644E9007C9BC7 /* ScoreView.swift in Sources */ = {isa = PBXBuildFile; fileRef = 52E4E3961F9644E9007C9BC7 /* ScoreView.swift */; };
		52E4E3991F9644F3007C9BC7 /* ScoreView.xib in Resources */ = {isa = PBXBuildFile; fileRef = 52E4E3981F9644F3007C9BC7 /* ScoreView.xib */; };
		52E4E39C1F9645DE007C9BC7 /* ScoreTableViewCell.swift in Sources */ = {isa = PBXBuildFile; fileRef = 52E4E39A1F9645DE007C9BC7 /* ScoreTableViewCell.swift */; };
		52E4E39D1F9645DE007C9BC7 /* ScoreTableViewCell.xib in Resources */ = {isa = PBXBuildFile; fileRef = 52E4E39B1F9645DE007C9BC7 /* ScoreTableViewCell.xib */; };
/* End PBXBuildFile section */

/* Begin PBXFileReference section */
		0476AC14E0D76FFD2A6C4641 /* Pods-Utopia.debug.xcconfig */ = {isa = PBXFileReference; includeInIndex = 1; lastKnownFileType = text.xcconfig; name = "Pods-Utopia.debug.xcconfig"; path = "Pods/Target Support Files/Pods-Utopia/Pods-Utopia.debug.xcconfig"; sourceTree = "<group>"; };
		3508CA6337F88AE279A0AD79 /* Pods-Utopia.release.xcconfig */ = {isa = PBXFileReference; includeInIndex = 1; lastKnownFileType = text.xcconfig; name = "Pods-Utopia.release.xcconfig"; path = "Pods/Target Support Files/Pods-Utopia/Pods-Utopia.release.xcconfig"; sourceTree = "<group>"; };
		525A465C1FA0D65C002C3BEA /* Camera.swift */ = {isa = PBXFileReference; fileEncoding = 4; lastKnownFileType = sourcecode.swift; path = Camera.swift; sourceTree = "<group>"; };
		525F4A8C1F94F1BB00FC5314 /* UIDatePickerX.swift */ = {isa = PBXFileReference; fileEncoding = 4; lastKnownFileType = sourcecode.swift; path = UIDatePickerX.swift; sourceTree = "<group>"; };
		525F4A901F94F5BA00FC5314 /* CategoryCollectionViewCell.swift */ = {isa = PBXFileReference; fileEncoding = 4; lastKnownFileType = sourcecode.swift; path = CategoryCollectionViewCell.swift; sourceTree = "<group>"; };
		525F4A911F94F5BA00FC5314 /* CategoryCollectionViewCell.xib */ = {isa = PBXFileReference; fileEncoding = 4; lastKnownFileType = file.xib; path = CategoryCollectionViewCell.xib; sourceTree = "<group>"; };
		525F4A941F94F79F00FC5314 /* CustomFlow.swift */ = {isa = PBXFileReference; fileEncoding = 4; lastKnownFileType = sourcecode.swift; path = CustomFlow.swift; sourceTree = "<group>"; };
		525F4A961F94F9DF00FC5314 /* ViewControllerExtension.swift */ = {isa = PBXFileReference; fileEncoding = 4; lastKnownFileType = sourcecode.swift; path = ViewControllerExtension.swift; sourceTree = "<group>"; };
		525F4A991F95017400FC5314 /* ImageViewEx.swift */ = {isa = PBXFileReference; fileEncoding = 4; lastKnownFileType = sourcecode.swift; path = ImageViewEx.swift; sourceTree = "<group>"; };
		526F7AC91F8E551B005F3639 /* FeedTableViewCell.swift */ = {isa = PBXFileReference; fileEncoding = 4; lastKnownFileType = sourcecode.swift; path = FeedTableViewCell.swift; sourceTree = "<group>"; };
		526F7ACA1F8E551B005F3639 /* FeedTableViewCell.xib */ = {isa = PBXFileReference; fileEncoding = 4; lastKnownFileType = file.xib; path = FeedTableViewCell.xib; sourceTree = "<group>"; };
		526F7ACE1F8E5A30005F3639 /* FeedImageTableViewCell.swift */ = {isa = PBXFileReference; fileEncoding = 4; lastKnownFileType = sourcecode.swift; path = FeedImageTableViewCell.swift; sourceTree = "<group>"; };
		526F7ACF1F8E5A30005F3639 /* FeedImageTableViewCell.xib */ = {isa = PBXFileReference; fileEncoding = 4; lastKnownFileType = file.xib; path = FeedImageTableViewCell.xib; sourceTree = "<group>"; };
		526F7AD21F8E5F39005F3639 /* InterestCollectionViewCell.swift */ = {isa = PBXFileReference; fileEncoding = 4; lastKnownFileType = sourcecode.swift; path = InterestCollectionViewCell.swift; sourceTree = "<group>"; };
		526F7AD31F8E5F39005F3639 /* InterestCollectionViewCell.xib */ = {isa = PBXFileReference; fileEncoding = 4; lastKnownFileType = file.xib; path = InterestCollectionViewCell.xib; sourceTree = "<group>"; };
		52A5BA851F97855C002ACDAA /* GoogleService-Info.plist */ = {isa = PBXFileReference; fileEncoding = 4; lastKnownFileType = text.plist.xml; path = "GoogleService-Info.plist"; sourceTree = "<group>"; };
		52A5BA871F978714002ACDAA /* Checkers.swift */ = {isa = PBXFileReference; fileEncoding = 4; lastKnownFileType = sourcecode.swift; path = Checkers.swift; sourceTree = "<group>"; };
		52A5BA881F978714002ACDAA /* AuthProvider.swift */ = {isa = PBXFileReference; fileEncoding = 4; lastKnownFileType = sourcecode.swift; path = AuthProvider.swift; sourceTree = "<group>"; };
		52A5BA8B1F978753002ACDAA /* Protocols.swift */ = {isa = PBXFileReference; fileEncoding = 4; lastKnownFileType = sourcecode.swift; path = Protocols.swift; sourceTree = "<group>"; };
		52A5BA931F978E09002ACDAA /* SignupVC.swift */ = {isa = PBXFileReference; fileEncoding = 4; lastKnownFileType = sourcecode.swift; path = SignupVC.swift; sourceTree = "<group>"; };
		52A5BAB61F9798F9002ACDAA /* SignupImage.swift */ = {isa = PBXFileReference; fileEncoding = 4; lastKnownFileType = sourcecode.swift; path = SignupImage.swift; sourceTree = "<group>"; };
		52A75BD81F8E4B670014F50C /* YourTopia.app */ = {isa = PBXFileReference; explicitFileType = wrapper.application; includeInIndex = 0; path = YourTopia.app; sourceTree = BUILT_PRODUCTS_DIR; };
		52A75BDB1F8E4B670014F50C /* AppDelegate.swift */ = {isa = PBXFileReference; lastKnownFileType = sourcecode.swift; path = AppDelegate.swift; sourceTree = "<group>"; };
		52A75BDD1F8E4B670014F50C /* MainVC.swift */ = {isa = PBXFileReference; lastKnownFileType = sourcecode.swift; path = MainVC.swift; sourceTree = "<group>"; };
		52A75BE01F8E4B670014F50C /* Base */ = {isa = PBXFileReference; lastKnownFileType = file.storyboard; name = Base; path = Base.lproj/Main.storyboard; sourceTree = "<group>"; };
		52A75BE31F8E4B670014F50C /* Utopia.xcdatamodel */ = {isa = PBXFileReference; lastKnownFileType = wrapper.xcdatamodel; path = Utopia.xcdatamodel; sourceTree = "<group>"; };
		52A75BE51F8E4B670014F50C /* Assets.xcassets */ = {isa = PBXFileReference; lastKnownFileType = folder.assetcatalog; path = Assets.xcassets; sourceTree = "<group>"; };
		52A75BE81F8E4B670014F50C /* Base */ = {isa = PBXFileReference; lastKnownFileType = file.storyboard; name = Base; path = Base.lproj/LaunchScreen.storyboard; sourceTree = "<group>"; };
		52A75BEA1F8E4B670014F50C /* Info.plist */ = {isa = PBXFileReference; lastKnownFileType = text.plist.xml; path = Info.plist; sourceTree = "<group>"; };
		52A75BF01F8E4BA20014F50C /* UIViewX.swift */ = {isa = PBXFileReference; fileEncoding = 4; lastKnownFileType = sourcecode.swift; path = UIViewX.swift; sourceTree = "<group>"; };
		52A75BF11F8E4BA20014F50C /* UIImageViewX.swift */ = {isa = PBXFileReference; fileEncoding = 4; lastKnownFileType = sourcecode.swift; path = UIImageViewX.swift; sourceTree = "<group>"; };
		52A75BF21F8E4BA20014F50C /* UITextFieldX.swift */ = {isa = PBXFileReference; fileEncoding = 4; lastKnownFileType = sourcecode.swift; path = UITextFieldX.swift; sourceTree = "<group>"; };
		52A75BF31F8E4BA20014F50C /* UIButtonX.swift */ = {isa = PBXFileReference; fileEncoding = 4; lastKnownFileType = sourcecode.swift; path = UIButtonX.swift; sourceTree = "<group>"; };
		52A75BF41F8E4BA20014F50C /* UITextViewX.swift */ = {isa = PBXFileReference; fileEncoding = 4; lastKnownFileType = sourcecode.swift; path = UITextViewX.swift; sourceTree = "<group>"; };
		52A75BF51F8E4BA20014F50C /* UILabelX.swift */ = {isa = PBXFileReference; fileEncoding = 4; lastKnownFileType = sourcecode.swift; path = UILabelX.swift; sourceTree = "<group>"; };
		52A786DE1F99058600BE8F75 /* SignupBirthday.xib */ = {isa = PBXFileReference; fileEncoding = 4; lastKnownFileType = file.xib; path = SignupBirthday.xib; sourceTree = "<group>"; };
		52A786E01F99059F00BE8F75 /* SignupBirthday.swift */ = {isa = PBXFileReference; fileEncoding = 4; lastKnownFileType = sourcecode.swift; path = SignupBirthday.swift; sourceTree = "<group>"; };
		52A786E21F990F5400BE8F75 /* SignupCredentials.swift */ = {isa = PBXFileReference; fileEncoding = 4; lastKnownFileType = sourcecode.swift; path = SignupCredentials.swift; sourceTree = "<group>"; };
		52C0AC291F8F9A440066B53B /* ProfileVC.swift */ = {isa = PBXFileReference; fileEncoding = 4; lastKnownFileType = sourcecode.swift; path = ProfileVC.swift; sourceTree = "<group>"; };
		52C0AC2B1F8F9B1E0066B53B /* FeedTableView.swift */ = {isa = PBXFileReference; fileEncoding = 4; lastKnownFileType = sourcecode.swift; path = FeedTableView.swift; sourceTree = "<group>"; };
		52C0AC2D1F8F9CFD0066B53B /* followingCollectionViewCell.swift */ = {isa = PBXFileReference; fileEncoding = 4; lastKnownFileType = sourcecode.swift; path = followingCollectionViewCell.swift; sourceTree = "<group>"; };
		52C0AC2E1F8F9CFD0066B53B /* followingCollectionViewCell.xib */ = {isa = PBXFileReference; fileEncoding = 4; lastKnownFileType = file.xib; path = followingCollectionViewCell.xib; sourceTree = "<group>"; };
		52C5853C1F93280C003953C6 /* LoginVC.swift */ = {isa = PBXFileReference; fileEncoding = 4; lastKnownFileType = sourcecode.swift; path = LoginVC.swift; sourceTree = "<group>"; };
		52C5853E1F9328AB003953C6 /* Constants.swift */ = {isa = PBXFileReference; fileEncoding = 4; lastKnownFileType = sourcecode.swift; path = Constants.swift; sourceTree = "<group>"; };
		52C585421F932A68003953C6 /* CustomTextField.swift */ = {isa = PBXFileReference; fileEncoding = 4; lastKnownFileType = sourcecode.swift; path = CustomTextField.swift; sourceTree = "<group>"; };
		52C585451F932F53003953C6 /* ChatTableViewCell.swift */ = {isa = PBXFileReference; fileEncoding = 4; lastKnownFileType = sourcecode.swift; path = ChatTableViewCell.swift; sourceTree = "<group>"; };
		52C585461F932F53003953C6 /* ChatTableViewCell.xib */ = {isa = PBXFileReference; fileEncoding = 4; lastKnownFileType = file.xib; path = ChatTableViewCell.xib; sourceTree = "<group>"; };
		52C585491F9331DD003953C6 /* ChatVC.swift */ = {isa = PBXFileReference; fileEncoding = 4; lastKnownFileType = sourcecode.swift; path = ChatVC.swift; sourceTree = "<group>"; };
		52C5854B1F9337B2003953C6 /* TabController.swift */ = {isa = PBXFileReference; fileEncoding = 4; lastKnownFileType = sourcecode.swift; path = TabController.swift; sourceTree = "<group>"; };
		52E371421F90F944001C3BA9 /* InfoView.swift */ = {isa = PBXFileReference; fileEncoding = 4; lastKnownFileType = sourcecode.swift; path = InfoView.swift; sourceTree = "<group>"; };
		52E371441F90F955001C3BA9 /* InfoView.xib */ = {isa = PBXFileReference; fileEncoding = 4; lastKnownFileType = file.xib; path = InfoView.xib; sourceTree = "<group>"; };
		52E3714A1F910474001C3BA9 /* ProfileFeed.swift */ = {isa = PBXFileReference; fileEncoding = 4; lastKnownFileType = sourcecode.swift; path = ProfileFeed.swift; sourceTree = "<group>"; };
		52E3714C1F910621001C3BA9 /* ProfileFeed.xib */ = {isa = PBXFileReference; fileEncoding = 4; lastKnownFileType = file.xib; path = ProfileFeed.xib; sourceTree = "<group>"; };
		52E3714E1F9124BF001C3BA9 /* Login.storyboard */ = {isa = PBXFileReference; fileEncoding = 4; lastKnownFileType = file.storyboard; path = Login.storyboard; sourceTree = "<group>"; };
		52E4E3941F964305007C9BC7 /* PostVC.swift */ = {isa = PBXFileReference; fileEncoding = 4; lastKnownFileType = sourcecode.swift; path = PostVC.swift; sourceTree = "<group>"; };
		52E4E3961F9644E9007C9BC7 /* ScoreView.swift */ = {isa = PBXFileReference; fileEncoding = 4; lastKnownFileType = sourcecode.swift; path = ScoreView.swift; sourceTree = "<group>"; };
		52E4E3981F9644F3007C9BC7 /* ScoreView.xib */ = {isa = PBXFileReference; fileEncoding = 4; lastKnownFileType = file.xib; path = ScoreView.xib; sourceTree = "<group>"; };
		52E4E39A1F9645DE007C9BC7 /* ScoreTableViewCell.swift */ = {isa = PBXFileReference; fileEncoding = 4; lastKnownFileType = sourcecode.swift; path = ScoreTableViewCell.swift; sourceTree = "<group>"; };
		52E4E39B1F9645DE007C9BC7 /* ScoreTableViewCell.xib */ = {isa = PBXFileReference; fileEncoding = 4; lastKnownFileType = file.xib; path = ScoreTableViewCell.xib; sourceTree = "<group>"; };
		C0CA0B15D5BEB57F10DE0BA9 /* Pods_Utopia.framework */ = {isa = PBXFileReference; explicitFileType = wrapper.framework; includeInIndex = 0; path = Pods_Utopia.framework; sourceTree = BUILT_PRODUCTS_DIR; };
/* End PBXFileReference section */

/* Begin PBXFrameworksBuildPhase section */
		52A75BD51F8E4B670014F50C /* Frameworks */ = {
			isa = PBXFrameworksBuildPhase;
			buildActionMask = 2147483647;
			files = (
				20F2943FC4D47BD365F110CA /* Pods_Utopia.framework in Frameworks */,
			);
			runOnlyForDeploymentPostprocessing = 0;
		};
/* End PBXFrameworksBuildPhase section */

/* Begin PBXGroup section */
		148E976FA2321E253375C08C /* Pods */ = {
			isa = PBXGroup;
			children = (
				0476AC14E0D76FFD2A6C4641 /* Pods-Utopia.debug.xcconfig */,
				3508CA6337F88AE279A0AD79 /* Pods-Utopia.release.xcconfig */,
			);
			name = Pods;
			sourceTree = "<group>";
		};
		525F4A981F94F9E400FC5314 /* Extensions */ = {
			isa = PBXGroup;
			children = (
				525F4A961F94F9DF00FC5314 /* ViewControllerExtension.swift */,
				525F4A991F95017400FC5314 /* ImageViewEx.swift */,
			);
			name = Extensions;
			sourceTree = "<group>";
		};
		526F7AC81F8E54FD005F3639 /* Storyboards */ = {
			isa = PBXGroup;
			children = (
				52A75BDF1F8E4B670014F50C /* Main.storyboard */,
				52A75BE71F8E4B670014F50C /* LaunchScreen.storyboard */,
				52E3714E1F9124BF001C3BA9 /* Login.storyboard */,
			);
			name = Storyboards;
			sourceTree = "<group>";
		};
		526F7ACD1F8E5524005F3639 /* TableViewCells */ = {
			isa = PBXGroup;
			children = (
				526F7AC91F8E551B005F3639 /* FeedTableViewCell.swift */,
				526F7ACA1F8E551B005F3639 /* FeedTableViewCell.xib */,
				526F7ACE1F8E5A30005F3639 /* FeedImageTableViewCell.swift */,
				526F7ACF1F8E5A30005F3639 /* FeedImageTableViewCell.xib */,
				52C585451F932F53003953C6 /* ChatTableViewCell.swift */,
				52C585461F932F53003953C6 /* ChatTableViewCell.xib */,
				52E4E39A1F9645DE007C9BC7 /* ScoreTableViewCell.swift */,
				52E4E39B1F9645DE007C9BC7 /* ScoreTableViewCell.xib */,
			);
			name = TableViewCells;
			sourceTree = "<group>";
		};
		526F7AD61F8E5F5C005F3639 /* CollectionViewCells */ = {
			isa = PBXGroup;
			children = (
				526F7AD21F8E5F39005F3639 /* InterestCollectionViewCell.swift */,
				526F7AD31F8E5F39005F3639 /* InterestCollectionViewCell.xib */,
				52C0AC2D1F8F9CFD0066B53B /* followingCollectionViewCell.swift */,
				52C0AC2E1F8F9CFD0066B53B /* followingCollectionViewCell.xib */,
				525F4A901F94F5BA00FC5314 /* CategoryCollectionViewCell.swift */,
				525F4A911F94F5BA00FC5314 /* CategoryCollectionViewCell.xib */,
			);
			name = CollectionViewCells;
			sourceTree = "<group>";
		};
		52A5BA8D1F978757002ACDAA /* Protocols */ = {
			isa = PBXGroup;
			children = (
				52A5BA8B1F978753002ACDAA /* Protocols.swift */,
			);
			name = Protocols;
			path = ..;
			sourceTree = "<group>";
		};
		52A5BA8E1F978B77002ACDAA /* Main */ = {
			isa = PBXGroup;
			children = (
				52E371421F90F944001C3BA9 /* InfoView.swift */,
				52E371441F90F955001C3BA9 /* InfoView.xib */,
				52E3714A1F910474001C3BA9 /* ProfileFeed.swift */,
				52E3714C1F910621001C3BA9 /* ProfileFeed.xib */,
				52E4E3961F9644E9007C9BC7 /* ScoreView.swift */,
				52E4E3981F9644F3007C9BC7 /* ScoreView.xib */,
			);
			name = Main;
			sourceTree = "<group>";
		};
		52A5BAB31F97959B002ACDAA /* Signup */ = {
			isa = PBXGroup;
			children = (
				52A5BA931F978E09002ACDAA /* SignupVC.swift */,
				52A5BAB61F9798F9002ACDAA /* SignupImage.swift */,
				52A786E01F99059F00BE8F75 /* SignupBirthday.swift */,
				52A786DE1F99058600BE8F75 /* SignupBirthday.xib */,
				52A786E21F990F5400BE8F75 /* SignupCredentials.swift */,
			);
			name = Signup;
			sourceTree = "<group>";
		};
		52A75BCF1F8E4B670014F50C = {
			isa = PBXGroup;
			children = (
				52A75BDA1F8E4B670014F50C /* Utopia */,
				52A75BD91F8E4B670014F50C /* Products */,
				148E976FA2321E253375C08C /* Pods */,
				64EF007DED620B60BE1445DA /* Frameworks */,
			);
			sourceTree = "<group>";
		};
		52A75BD91F8E4B670014F50C /* Products */ = {
			isa = PBXGroup;
			children = (
				52A75BD81F8E4B670014F50C /* YourTopia.app */,
			);
			name = Products;
			sourceTree = "<group>";
		};
		52A75BDA1F8E4B670014F50C /* Utopia */ = {
			isa = PBXGroup;
			children = (
				52A5BA8D1F978757002ACDAA /* Protocols */,
				52C585441F932A70003953C6 /* CustomClasses */,
				52A75BFF1F8E4C220014F50C /* Controllers */,
				52A75BFD1F8E4C080014F50C /* Views */,
				52A75BFE1F8E4C1B0014F50C /* Support */,
			);
			path = Utopia;
			sourceTree = "<group>";
		};
		52A75BFC1F8E4BA70014F50C /* IBDesignables */ = {
			isa = PBXGroup;
			children = (
				52A75BF01F8E4BA20014F50C /* UIViewX.swift */,
				52A75BF11F8E4BA20014F50C /* UIImageViewX.swift */,
				52A75BF21F8E4BA20014F50C /* UITextFieldX.swift */,
				52A75BF31F8E4BA20014F50C /* UIButtonX.swift */,
				52A75BF41F8E4BA20014F50C /* UITextViewX.swift */,
				52A75BF51F8E4BA20014F50C /* UILabelX.swift */,
				525F4A8C1F94F1BB00FC5314 /* UIDatePickerX.swift */,
			);
			name = IBDesignables;
			sourceTree = "<group>";
		};
		52A75BFD1F8E4C080014F50C /* Views */ = {
			isa = PBXGroup;
			children = (
				52E371411F90F91E001C3BA9 /* CustomViews */,
				52A75BFC1F8E4BA70014F50C /* IBDesignables */,
				526F7AC81F8E54FD005F3639 /* Storyboards */,
				526F7ACD1F8E5524005F3639 /* TableViewCells */,
				526F7AD61F8E5F5C005F3639 /* CollectionViewCells */,
			);
			name = Views;
			sourceTree = "<group>";
		};
		52A75BFE1F8E4C1B0014F50C /* Support */ = {
			isa = PBXGroup;
			children = (
				52A75BE51F8E4B670014F50C /* Assets.xcassets */,
				52A75BDB1F8E4B670014F50C /* AppDelegate.swift */,
				52A75BEA1F8E4B670014F50C /* Info.plist */,
				52A5BA851F97855C002ACDAA /* GoogleService-Info.plist */,
				52A75BE21F8E4B670014F50C /* Utopia.xcdatamodeld */,
			);
			name = Support;
			sourceTree = "<group>";
		};
		52A75BFF1F8E4C220014F50C /* Controllers */ = {
			isa = PBXGroup;
			children = (
				525F4A981F94F9E400FC5314 /* Extensions */,
				52C585401F9328B4003953C6 /* VC */,
				52C585411F9328B9003953C6 /* Utils */,
				52C5854D1F9337BF003953C6 /* TabController */,
			);
			name = Controllers;
			sourceTree = "<group>";
		};
		52C585401F9328B4003953C6 /* VC */ = {
			isa = PBXGroup;
			children = (
				52A75BDD1F8E4B670014F50C /* MainVC.swift */,
				52C0AC291F8F9A440066B53B /* ProfileVC.swift */,
				52C5853C1F93280C003953C6 /* LoginVC.swift */,
				52C585491F9331DD003953C6 /* ChatVC.swift */,
				52E4E3941F964305007C9BC7 /* PostVC.swift */,
				52A5BAB31F97959B002ACDAA /* Signup */,
			);
			name = VC;
			sourceTree = "<group>";
		};
		52C585411F9328B9003953C6 /* Utils */ = {
			isa = PBXGroup;
			children = (
				52A5BA871F978714002ACDAA /* Checkers.swift */,
				52A5BA881F978714002ACDAA /* AuthProvider.swift */,
				52C5853E1F9328AB003953C6 /* Constants.swift */,
			);
			name = Utils;
			sourceTree = "<group>";
		};
		52C585441F932A70003953C6 /* CustomClasses */ = {
			isa = PBXGroup;
			children = (
				52C0AC2B1F8F9B1E0066B53B /* FeedTableView.swift */,
				525F4A941F94F79F00FC5314 /* CustomFlow.swift */,
				52C585421F932A68003953C6 /* CustomTextField.swift */,
				525A465C1FA0D65C002C3BEA /* Camera.swift */,
			);
			name = CustomClasses;
			sourceTree = "<group>";
		};
		52C5854D1F9337BF003953C6 /* TabController */ = {
			isa = PBXGroup;
			children = (
				52C5854B1F9337B2003953C6 /* TabController.swift */,
			);
			name = TabController;
			sourceTree = "<group>";
		};
		52E371411F90F91E001C3BA9 /* CustomViews */ = {
			isa = PBXGroup;
			children = (
				52A5BA8E1F978B77002ACDAA /* Main */,
			);
			name = CustomViews;
			sourceTree = "<group>";
		};
		64EF007DED620B60BE1445DA /* Frameworks */ = {
			isa = PBXGroup;
			children = (
				C0CA0B15D5BEB57F10DE0BA9 /* Pods_Utopia.framework */,
			);
			name = Frameworks;
			sourceTree = "<group>";
		};
/* End PBXGroup section */

/* Begin PBXNativeTarget section */
		52A75BD71F8E4B670014F50C /* Utopia */ = {
			isa = PBXNativeTarget;
			buildConfigurationList = 52A75BED1F8E4B670014F50C /* Build configuration list for PBXNativeTarget "Utopia" */;
			buildPhases = (
				10603846B6D2D809276704EB /* [CP] Check Pods Manifest.lock */,
				52A75BD41F8E4B670014F50C /* Sources */,
				52A75BD51F8E4B670014F50C /* Frameworks */,
				52A75BD61F8E4B670014F50C /* Resources */,
				59003F80B94C29D5284B7828 /* [CP] Embed Pods Frameworks */,
				84A35CCB534952A6C8BBC2C7 /* [CP] Copy Pods Resources */,
			);
			buildRules = (
			);
			dependencies = (
			);
			name = Utopia;
			productName = Utopia;
			productReference = 52A75BD81F8E4B670014F50C /* YourTopia.app */;
			productType = "com.apple.product-type.application";
		};
/* End PBXNativeTarget section */

/* Begin PBXProject section */
		52A75BD01F8E4B670014F50C /* Project object */ = {
			isa = PBXProject;
			attributes = {
				LastSwiftUpdateCheck = 0820;
				LastUpgradeCheck = 0820;
				ORGANIZATIONNAME = Burst;
				TargetAttributes = {
					52A75BD71F8E4B670014F50C = {
						CreatedOnToolsVersion = 8.2.1;
						DevelopmentTeam = XUN95V9WDZ;
						ProvisioningStyle = Automatic;
					};
				};
			};
			buildConfigurationList = 52A75BD31F8E4B670014F50C /* Build configuration list for PBXProject "Utopia" */;
			compatibilityVersion = "Xcode 3.2";
			developmentRegion = English;
			hasScannedForEncodings = 0;
			knownRegions = (
				en,
				Base,
			);
			mainGroup = 52A75BCF1F8E4B670014F50C;
			productRefGroup = 52A75BD91F8E4B670014F50C /* Products */;
			projectDirPath = "";
			projectRoot = "";
			targets = (
				52A75BD71F8E4B670014F50C /* Utopia */,
			);
		};
/* End PBXProject section */

/* Begin PBXResourcesBuildPhase section */
		52A75BD61F8E4B670014F50C /* Resources */ = {
			isa = PBXResourcesBuildPhase;
			buildActionMask = 2147483647;
			files = (
				525F4A931F94F5BA00FC5314 /* CategoryCollectionViewCell.xib in Resources */,
				52E3714D1F910621001C3BA9 /* ProfileFeed.xib in Resources */,
				52A5BA861F97855C002ACDAA /* GoogleService-Info.plist in Resources */,
				526F7AD51F8E5F39005F3639 /* InterestCollectionViewCell.xib in Resources */,
				52A786DF1F99058600BE8F75 /* SignupBirthday.xib in Resources */,
				52A75BE91F8E4B670014F50C /* LaunchScreen.storyboard in Resources */,
				52C585481F932F53003953C6 /* ChatTableViewCell.xib in Resources */,
				526F7ACC1F8E551B005F3639 /* FeedTableViewCell.xib in Resources */,
				52E4E39D1F9645DE007C9BC7 /* ScoreTableViewCell.xib in Resources */,
				526F7AD11F8E5A30005F3639 /* FeedImageTableViewCell.xib in Resources */,
				52E371451F90F955001C3BA9 /* InfoView.xib in Resources */,
				52C0AC301F8F9CFD0066B53B /* followingCollectionViewCell.xib in Resources */,
				52A75BE61F8E4B670014F50C /* Assets.xcassets in Resources */,
				52E3714F1F9124BF001C3BA9 /* Login.storyboard in Resources */,
				52E4E3991F9644F3007C9BC7 /* ScoreView.xib in Resources */,
				52A75BE11F8E4B670014F50C /* Main.storyboard in Resources */,
			);
			runOnlyForDeploymentPostprocessing = 0;
		};
/* End PBXResourcesBuildPhase section */

/* Begin PBXShellScriptBuildPhase section */
		10603846B6D2D809276704EB /* [CP] Check Pods Manifest.lock */ = {
			isa = PBXShellScriptBuildPhase;
			buildActionMask = 2147483647;
			files = (
			);
			inputPaths = (
			);
			name = "[CP] Check Pods Manifest.lock";
			outputPaths = (
			);
			runOnlyForDeploymentPostprocessing = 0;
			shellPath = /bin/sh;
			shellScript = "diff \"${PODS_PODFILE_DIR_PATH}/Podfile.lock\" \"${PODS_ROOT}/Manifest.lock\" > /dev/null\nif [ $? != 0 ] ; then\n    # print error to STDERR\n    echo \"error: The sandbox is not in sync with the Podfile.lock. Run 'pod install' or update your CocoaPods installation.\" >&2\n    exit 1\nfi\n";
			showEnvVarsInLog = 0;
		};
		59003F80B94C29D5284B7828 /* [CP] Embed Pods Frameworks */ = {
			isa = PBXShellScriptBuildPhase;
			buildActionMask = 2147483647;
			files = (
			);
			inputPaths = (
			);
			name = "[CP] Embed Pods Frameworks";
			outputPaths = (
			);
			runOnlyForDeploymentPostprocessing = 0;
			shellPath = /bin/sh;
			shellScript = "\"${SRCROOT}/Pods/Target Support Files/Pods-Utopia/Pods-Utopia-frameworks.sh\"\n";
			showEnvVarsInLog = 0;
		};
		84A35CCB534952A6C8BBC2C7 /* [CP] Copy Pods Resources */ = {
			isa = PBXShellScriptBuildPhase;
			buildActionMask = 2147483647;
			files = (
			);
			inputPaths = (
			);
			name = "[CP] Copy Pods Resources";
			outputPaths = (
			);
			runOnlyForDeploymentPostprocessing = 0;
			shellPath = /bin/sh;
			shellScript = "\"${SRCROOT}/Pods/Target Support Files/Pods-Utopia/Pods-Utopia-resources.sh\"\n";
			showEnvVarsInLog = 0;
		};
/* End PBXShellScriptBuildPhase section */

/* Begin PBXSourcesBuildPhase section */
		52A75BD41F8E4B670014F50C /* Sources */ = {
			isa = PBXSourcesBuildPhase;
			buildActionMask = 2147483647;
			files = (
				52E371431F90F944001C3BA9 /* InfoView.swift in Sources */,
				52E4E39C1F9645DE007C9BC7 /* ScoreTableViewCell.swift in Sources */,
				52C5853F1F9328AB003953C6 /* Constants.swift in Sources */,
				526F7AD41F8E5F39005F3639 /* InterestCollectionViewCell.swift in Sources */,
				52A75BFB1F8E4BA20014F50C /* UILabelX.swift in Sources */,
				52C585431F932A68003953C6 /* CustomTextField.swift in Sources */,
				52A75BF81F8E4BA20014F50C /* UITextFieldX.swift in Sources */,
				525F4A921F94F5BA00FC5314 /* CategoryCollectionViewCell.swift in Sources */,
				52A786E11F99059F00BE8F75 /* SignupBirthday.swift in Sources */,
				52C5854A1F9331DD003953C6 /* ChatVC.swift in Sources */,
				52E3714B1F910474001C3BA9 /* ProfileFeed.swift in Sources */,
				525F4A8D1F94F1BB00FC5314 /* UIDatePickerX.swift in Sources */,
				52A786E31F990F5400BE8F75 /* SignupCredentials.swift in Sources */,
				52A5BA941F978E09002ACDAA /* SignupVC.swift in Sources */,
				52A75BDE1F8E4B670014F50C /* MainVC.swift in Sources */,
				525F4A951F94F79F00FC5314 /* CustomFlow.swift in Sources */,
				52E4E3951F964305007C9BC7 /* PostVC.swift in Sources */,
				52A75BFA1F8E4BA20014F50C /* UITextViewX.swift in Sources */,
				52A5BA8C1F978753002ACDAA /* Protocols.swift in Sources */,
				52C0AC2C1F8F9B1E0066B53B /* FeedTableView.swift in Sources */,
				52C5854C1F9337B2003953C6 /* TabController.swift in Sources */,
				52A5BA891F978714002ACDAA /* Checkers.swift in Sources */,
				52C0AC2F1F8F9CFD0066B53B /* followingCollectionViewCell.swift in Sources */,
				525A465D1FA0D65C002C3BEA /* Camera.swift in Sources */,
				525F4A971F94F9DF00FC5314 /* ViewControllerExtension.swift in Sources */,
				52A5BAB71F9798F9002ACDAA /* SignupImage.swift in Sources */,
				52A75BF71F8E4BA20014F50C /* UIImageViewX.swift in Sources */,
				52A5BA8A1F978714002ACDAA /* AuthProvider.swift in Sources */,
				526F7AD01F8E5A30005F3639 /* FeedImageTableViewCell.swift in Sources */,
				52A75BF91F8E4BA20014F50C /* UIButtonX.swift in Sources */,
				52C0AC2A1F8F9A440066B53B /* ProfileVC.swift in Sources */,
				52A75BF61F8E4BA20014F50C /* UIViewX.swift in Sources */,
				525F4A9A1F95017400FC5314 /* ImageViewEx.swift in Sources */,
				52C5853D1F93280C003953C6 /* LoginVC.swift in Sources */,
				52A75BDC1F8E4B670014F50C /* AppDelegate.swift in Sources */,
				52C585471F932F53003953C6 /* ChatTableViewCell.swift in Sources */,
				52A75BE41F8E4B670014F50C /* Utopia.xcdatamodeld in Sources */,
				526F7ACB1F8E551B005F3639 /* FeedTableViewCell.swift in Sources */,
				52E4E3971F9644E9007C9BC7 /* ScoreView.swift in Sources */,
			);
			runOnlyForDeploymentPostprocessing = 0;
		};
/* End PBXSourcesBuildPhase section */

/* Begin PBXVariantGroup section */
		52A75BDF1F8E4B670014F50C /* Main.storyboard */ = {
			isa = PBXVariantGroup;
			children = (
				52A75BE01F8E4B670014F50C /* Base */,
			);
			name = Main.storyboard;
			sourceTree = "<group>";
		};
		52A75BE71F8E4B670014F50C /* LaunchScreen.storyboard */ = {
			isa = PBXVariantGroup;
			children = (
				52A75BE81F8E4B670014F50C /* Base */,
			);
			name = LaunchScreen.storyboard;
			sourceTree = "<group>";
		};
/* End PBXVariantGroup section */

/* Begin XCBuildConfiguration section */
		52A75BEB1F8E4B670014F50C /* Debug */ = {
			isa = XCBuildConfiguration;
			buildSettings = {
				ALWAYS_SEARCH_USER_PATHS = NO;
				CLANG_ANALYZER_NONNULL = YES;
				CLANG_CXX_LANGUAGE_STANDARD = "gnu++0x";
				CLANG_CXX_LIBRARY = "libc++";
				CLANG_ENABLE_MODULES = YES;
				CLANG_ENABLE_OBJC_ARC = YES;
				CLANG_WARN_BOOL_CONVERSION = YES;
				CLANG_WARN_CONSTANT_CONVERSION = YES;
				CLANG_WARN_DIRECT_OBJC_ISA_USAGE = YES_ERROR;
				CLANG_WARN_DOCUMENTATION_COMMENTS = YES;
				CLANG_WARN_EMPTY_BODY = YES;
				CLANG_WARN_ENUM_CONVERSION = YES;
				CLANG_WARN_INFINITE_RECURSION = YES;
				CLANG_WARN_INT_CONVERSION = YES;
				CLANG_WARN_OBJC_ROOT_CLASS = YES_ERROR;
				CLANG_WARN_SUSPICIOUS_MOVE = YES;
				CLANG_WARN_UNREACHABLE_CODE = YES;
				CLANG_WARN__DUPLICATE_METHOD_MATCH = YES;
				"CODE_SIGN_IDENTITY[sdk=iphoneos*]" = "iPhone Developer";
				COPY_PHASE_STRIP = NO;
				DEBUG_INFORMATION_FORMAT = dwarf;
				ENABLE_STRICT_OBJC_MSGSEND = YES;
				ENABLE_TESTABILITY = YES;
				GCC_C_LANGUAGE_STANDARD = gnu99;
				GCC_DYNAMIC_NO_PIC = NO;
				GCC_NO_COMMON_BLOCKS = YES;
				GCC_OPTIMIZATION_LEVEL = 0;
				GCC_PREPROCESSOR_DEFINITIONS = (
					"DEBUG=1",
					"$(inherited)",
				);
				GCC_WARN_64_TO_32_BIT_CONVERSION = YES;
				GCC_WARN_ABOUT_RETURN_TYPE = YES_ERROR;
				GCC_WARN_UNDECLARED_SELECTOR = YES;
				GCC_WARN_UNINITIALIZED_AUTOS = YES_AGGRESSIVE;
				GCC_WARN_UNUSED_FUNCTION = YES;
				GCC_WARN_UNUSED_VARIABLE = YES;
				IPHONEOS_DEPLOYMENT_TARGET = 10.2;
				MTL_ENABLE_DEBUG_INFO = YES;
				ONLY_ACTIVE_ARCH = YES;
				SDKROOT = iphoneos;
				SWIFT_ACTIVE_COMPILATION_CONDITIONS = DEBUG;
				SWIFT_OPTIMIZATION_LEVEL = "-Onone";
			};
			name = Debug;
		};
		52A75BEC1F8E4B670014F50C /* Release */ = {
			isa = XCBuildConfiguration;
			buildSettings = {
				ALWAYS_SEARCH_USER_PATHS = NO;
				CLANG_ANALYZER_NONNULL = YES;
				CLANG_CXX_LANGUAGE_STANDARD = "gnu++0x";
				CLANG_CXX_LIBRARY = "libc++";
				CLANG_ENABLE_MODULES = YES;
				CLANG_ENABLE_OBJC_ARC = YES;
				CLANG_WARN_BOOL_CONVERSION = YES;
				CLANG_WARN_CONSTANT_CONVERSION = YES;
				CLANG_WARN_DIRECT_OBJC_ISA_USAGE = YES_ERROR;
				CLANG_WARN_DOCUMENTATION_COMMENTS = YES;
				CLANG_WARN_EMPTY_BODY = YES;
				CLANG_WARN_ENUM_CONVERSION = YES;
				CLANG_WARN_INFINITE_RECURSION = YES;
				CLANG_WARN_INT_CONVERSION = YES;
				CLANG_WARN_OBJC_ROOT_CLASS = YES_ERROR;
				CLANG_WARN_SUSPICIOUS_MOVE = YES;
				CLANG_WARN_UNREACHABLE_CODE = YES;
				CLANG_WARN__DUPLICATE_METHOD_MATCH = YES;
				"CODE_SIGN_IDENTITY[sdk=iphoneos*]" = "iPhone Developer";
				COPY_PHASE_STRIP = NO;
				DEBUG_INFORMATION_FORMAT = "dwarf-with-dsym";
				ENABLE_NS_ASSERTIONS = NO;
				ENABLE_STRICT_OBJC_MSGSEND = YES;
				GCC_C_LANGUAGE_STANDARD = gnu99;
				GCC_NO_COMMON_BLOCKS = YES;
				GCC_WARN_64_TO_32_BIT_CONVERSION = YES;
				GCC_WARN_ABOUT_RETURN_TYPE = YES_ERROR;
				GCC_WARN_UNDECLARED_SELECTOR = YES;
				GCC_WARN_UNINITIALIZED_AUTOS = YES_AGGRESSIVE;
				GCC_WARN_UNUSED_FUNCTION = YES;
				GCC_WARN_UNUSED_VARIABLE = YES;
				IPHONEOS_DEPLOYMENT_TARGET = 10.2;
				MTL_ENABLE_DEBUG_INFO = NO;
				SDKROOT = iphoneos;
				SWIFT_OPTIMIZATION_LEVEL = "-Owholemodule";
				VALIDATE_PRODUCT = YES;
			};
			name = Release;
		};
		52A75BEE1F8E4B670014F50C /* Debug */ = {
			isa = XCBuildConfiguration;
			baseConfigurationReference = 0476AC14E0D76FFD2A6C4641 /* Pods-Utopia.debug.xcconfig */;
			buildSettings = {
				ASSETCATALOG_COMPILER_APPICON_NAME = AppIcon;
				DEVELOPMENT_TEAM = XUN95V9WDZ;
				INFOPLIST_FILE = Utopia/Info.plist;
				LD_RUNPATH_SEARCH_PATHS = "$(inherited) @executable_path/Frameworks";
				PRODUCT_BUNDLE_IDENTIFIER = com.Burst.YourTopia;
				PRODUCT_NAME = YourTopia;
				SWIFT_VERSION = 3.0;
			};
			name = Debug;
		};
		52A75BEF1F8E4B670014F50C /* Release */ = {
			isa = XCBuildConfiguration;
			baseConfigurationReference = 3508CA6337F88AE279A0AD79 /* Pods-Utopia.release.xcconfig */;
			buildSettings = {
				ASSETCATALOG_COMPILER_APPICON_NAME = AppIcon;
				DEVELOPMENT_TEAM = XUN95V9WDZ;
				INFOPLIST_FILE = Utopia/Info.plist;
				LD_RUNPATH_SEARCH_PATHS = "$(inherited) @executable_path/Frameworks";
				PRODUCT_BUNDLE_IDENTIFIER = com.Burst.YourTopia;
				PRODUCT_NAME = YourTopia;
				SWIFT_VERSION = 3.0;
			};
			name = Release;
		};
/* End XCBuildConfiguration section */

/* Begin XCConfigurationList section */
		52A75BD31F8E4B670014F50C /* Build configuration list for PBXProject "Utopia" */ = {
			isa = XCConfigurationList;
			buildConfigurations = (
				52A75BEB1F8E4B670014F50C /* Debug */,
				52A75BEC1F8E4B670014F50C /* Release */,
			);
			defaultConfigurationIsVisible = 0;
			defaultConfigurationName = Release;
		};
		52A75BED1F8E4B670014F50C /* Build configuration list for PBXNativeTarget "Utopia" */ = {
			isa = XCConfigurationList;
			buildConfigurations = (
				52A75BEE1F8E4B670014F50C /* Debug */,
				52A75BEF1F8E4B670014F50C /* Release */,
			);
			defaultConfigurationIsVisible = 0;
			defaultConfigurationName = Release;
		};
/* End XCConfigurationList section */

/* Begin XCVersionGroup section */
		52A75BE21F8E4B670014F50C /* Utopia.xcdatamodeld */ = {
			isa = XCVersionGroup;
			children = (
				52A75BE31F8E4B670014F50C /* Utopia.xcdatamodel */,
			);
			currentVersion = 52A75BE31F8E4B670014F50C /* Utopia.xcdatamodel */;
			path = Utopia.xcdatamodeld;
			sourceTree = "<group>";
			versionGroupType = wrapper.xcdatamodel;
		};
/* End XCVersionGroup section */
	};
	rootObject = 52A75BD01F8E4B670014F50C /* Project object */;
}
